
Microsoft Visual Studio Solution File, Format Version 12.00
# Visual Studio 15
VisualStudioVersion = 15.0.27004.2006
MinimumVisualStudioVersion = 10.0.40219.1
Project("{FAE04EC0-301F-11D3-BF4B-00C04F79EFBC}") = "ContosoUniversity", "ContosoUniversity\ContosoUniversity.csproj", "{BDC69838-D134-4ABD-9CB5-7B3A29FDECAE}"
EndProject
Global
	GlobalSection(SolutionConfigurationPlatforms) = preSolution
		Debug|Any CPU = Debug|Any CPU
		Release|Any CPU = Release|Any CPU
	EndGlobalSection
	GlobalSection(ProjectConfigurationPlatforms) = postSolution
		{BDC69838-D134-4ABD-9CB5-7B3A29FDECAE}.Debug|Any CPU.ActiveCfg = Debug|Any CPU
		{BDC69838-D134-4ABD-9CB5-7B3A29FDECAE}.Debug|Any CPU.Build.0 = Debug|Any CPU
		{BDC69838-D134-4ABD-9CB5-7B3A29FDECAE}.Release|Any CPU.ActiveCfg = Release|Any CPU
		{BDC69838-D134-4ABD-9CB5-7B3A29FDECAE}.Release|Any CPU.Build.0 = Release|Any CPU
	EndGlobalSection
	GlobalSection(SolutionProperties) = preSolution
		HideSolutionNode = FALSE
	EndGlobalSection
	GlobalSection(ExtensibilityGlobals) = postSolution
		SolutionGuid = {C90D1BB4-176F-4171-9B15-230B472F4A33}
	EndGlobalSection
EndGlobal
